// !$*UTF8*$!
{
	archiveVersion = 1;
	classes = {
	};
	objectVersion = 50;
	objects = {

/* Begin PBXBuildFile section */
		D640750925CCD6CC00C624B4 /* TouchDownAppApp.swift in Sources */ = {isa = PBXBuildFile; fileRef = D640750825CCD6CC00C624B4 /* TouchDownAppApp.swift */; };
		D640750B25CCD6CC00C624B4 /* ContentView.swift in Sources */ = {isa = PBXBuildFile; fileRef = D640750A25CCD6CC00C624B4 /* ContentView.swift */; };
		D640750D25CCD6CD00C624B4 /* Assets.xcassets in Resources */ = {isa = PBXBuildFile; fileRef = D640750C25CCD6CD00C624B4 /* Assets.xcassets */; };
		D640751025CCD6CD00C624B4 /* Preview Assets.xcassets in Resources */ = {isa = PBXBuildFile; fileRef = D640750F25CCD6CD00C624B4 /* Preview Assets.xcassets */; };
		D640751C25CCD94900C624B4 /* brand.json in Resources */ = {isa = PBXBuildFile; fileRef = D640751825CCD94900C624B4 /* brand.json */; };
		D640751D25CCD94900C624B4 /* player.json in Resources */ = {isa = PBXBuildFile; fileRef = D640751925CCD94900C624B4 /* player.json */; };
		D640751E25CCD94900C624B4 /* product.json in Resources */ = {isa = PBXBuildFile; fileRef = D640751A25CCD94900C624B4 /* product.json */; };
		D640751F25CCD94900C624B4 /* category.json in Resources */ = {isa = PBXBuildFile; fileRef = D640751B25CCD94900C624B4 /* category.json */; };
		D640752E25CCDC0300C624B4 /* Constant.swift in Sources */ = {isa = PBXBuildFile; fileRef = D640752D25CCDC0300C624B4 /* Constant.swift */; };
		D640753225CCDCAA00C624B4 /* FooterView.swift in Sources */ = {isa = PBXBuildFile; fileRef = D640753125CCDCAA00C624B4 /* FooterView.swift */; };
		D640753625CCE45B00C624B4 /* NavigationBarView.swift in Sources */ = {isa = PBXBuildFile; fileRef = D640753525CCE45B00C624B4 /* NavigationBarView.swift */; };
		D640753925CCE59E00C624B4 /* LogoView.swift in Sources */ = {isa = PBXBuildFile; fileRef = D640753825CCE59E00C624B4 /* LogoView.swift */; };
		D640753C25CCED3A00C624B4 /* PlayerModel.swift in Sources */ = {isa = PBXBuildFile; fileRef = D640753B25CCED3A00C624B4 /* PlayerModel.swift */; };
		D640753F25CCEDA100C624B4 /* CodableBundleExtension.swift in Sources */ = {isa = PBXBuildFile; fileRef = D640753E25CCEDA100C624B4 /* CodableBundleExtension.swift */; };
		D640754225CCEF4100C624B4 /* FeaturedItemView.swift in Sources */ = {isa = PBXBuildFile; fileRef = D640754125CCEF4100C624B4 /* FeaturedItemView.swift */; };
		D640754525CCEFDD00C624B4 /* FeaturedTabView.swift in Sources */ = {isa = PBXBuildFile; fileRef = D640754425CCEFDD00C624B4 /* FeaturedTabView.swift */; };
/* End PBXBuildFile section */

/* Begin PBXFileReference section */
		D640750525CCD6CC00C624B4 /* TouchDownApp.app */ = {isa = PBXFileReference; explicitFileType = wrapper.application; includeInIndex = 0; path = TouchDownApp.app; sourceTree = BUILT_PRODUCTS_DIR; };
		D640750825CCD6CC00C624B4 /* TouchDownAppApp.swift */ = {isa = PBXFileReference; lastKnownFileType = sourcecode.swift; path = TouchDownAppApp.swift; sourceTree = "<group>"; };
		D640750A25CCD6CC00C624B4 /* ContentView.swift */ = {isa = PBXFileReference; lastKnownFileType = sourcecode.swift; path = ContentView.swift; sourceTree = "<group>"; };
		D640750C25CCD6CD00C624B4 /* Assets.xcassets */ = {isa = PBXFileReference; lastKnownFileType = folder.assetcatalog; path = Assets.xcassets; sourceTree = "<group>"; };
		D640750F25CCD6CD00C624B4 /* Preview Assets.xcassets */ = {isa = PBXFileReference; lastKnownFileType = folder.assetcatalog; path = "Preview Assets.xcassets"; sourceTree = "<group>"; };
		D640751125CCD6CD00C624B4 /* Info.plist */ = {isa = PBXFileReference; lastKnownFileType = text.plist.xml; path = Info.plist; sourceTree = "<group>"; };
		D640751825CCD94900C624B4 /* brand.json */ = {isa = PBXFileReference; fileEncoding = 4; lastKnownFileType = text.json; path = brand.json; sourceTree = "<group>"; };
		D640751925CCD94900C624B4 /* player.json */ = {isa = PBXFileReference; fileEncoding = 4; lastKnownFileType = text.json; path = player.json; sourceTree = "<group>"; };
		D640751A25CCD94900C624B4 /* product.json */ = {isa = PBXFileReference; fileEncoding = 4; lastKnownFileType = text.json; path = product.json; sourceTree = "<group>"; };
		D640751B25CCD94900C624B4 /* category.json */ = {isa = PBXFileReference; fileEncoding = 4; lastKnownFileType = text.json; path = category.json; sourceTree = "<group>"; };
		D640752D25CCDC0300C624B4 /* Constant.swift */ = {isa = PBXFileReference; lastKnownFileType = sourcecode.swift; path = Constant.swift; sourceTree = "<group>"; };
		D640753125CCDCAA00C624B4 /* FooterView.swift */ = {isa = PBXFileReference; lastKnownFileType = sourcecode.swift; path = FooterView.swift; sourceTree = "<group>"; };
		D640753525CCE45B00C624B4 /* NavigationBarView.swift */ = {isa = PBXFileReference; lastKnownFileType = sourcecode.swift; path = NavigationBarView.swift; sourceTree = "<group>"; };
		D640753825CCE59E00C624B4 /* LogoView.swift */ = {isa = PBXFileReference; lastKnownFileType = sourcecode.swift; path = LogoView.swift; sourceTree = "<group>"; };
		D640753B25CCED3A00C624B4 /* PlayerModel.swift */ = {isa = PBXFileReference; lastKnownFileType = sourcecode.swift; path = PlayerModel.swift; sourceTree = "<group>"; };
		D640753E25CCEDA100C624B4 /* CodableBundleExtension.swift */ = {isa = PBXFileReference; lastKnownFileType = sourcecode.swift; path = CodableBundleExtension.swift; sourceTree = "<group>"; };
		D640754125CCEF4100C624B4 /* FeaturedItemView.swift */ = {isa = PBXFileReference; lastKnownFileType = sourcecode.swift; path = FeaturedItemView.swift; sourceTree = "<group>"; };
		D640754425CCEFDD00C624B4 /* FeaturedTabView.swift */ = {isa = PBXFileReference; lastKnownFileType = sourcecode.swift; path = FeaturedTabView.swift; sourceTree = "<group>"; };
/* End PBXFileReference section */

/* Begin PBXFrameworksBuildPhase section */
		D640750225CCD6CC00C624B4 /* Frameworks */ = {
			isa = PBXFrameworksBuildPhase;
			buildActionMask = 2147483647;
			files = (
			);
			runOnlyForDeploymentPostprocessing = 0;
		};
/* End PBXFrameworksBuildPhase section */

/* Begin PBXGroup section */
		D64074FC25CCD6CC00C624B4 = {
			isa = PBXGroup;
			children = (
				D640750725CCD6CC00C624B4 /* TouchDownApp */,
				D640750625CCD6CC00C624B4 /* Products */,
			);
			sourceTree = "<group>";
		};
		D640750625CCD6CC00C624B4 /* Products */ = {
			isa = PBXGroup;
			children = (
				D640750525CCD6CC00C624B4 /* TouchDownApp.app */,
			);
			name = Products;
			sourceTree = "<group>";
		};
		D640750725CCD6CC00C624B4 /* TouchDownApp */ = {
			isa = PBXGroup;
			children = (
				D640752625CCDB5000C624B4 /* App */,
				D640752225CCD96900C624B4 /* View */,
				D640752125CCD95B00C624B4 /* Data */,
				D640752925CCDB8500C624B4 /* Model */,
				D640752B25CCDBA300C624B4 /* Extension */,
				D640752C25CCDBAB00C624B4 /* Utility */,
				D640750C25CCD6CD00C624B4 /* Assets.xcassets */,
				D640751125CCD6CD00C624B4 /* Info.plist */,
				D640750E25CCD6CD00C624B4 /* Preview Content */,
			);
			path = TouchDownApp;
			sourceTree = "<group>";
		};
		D640750E25CCD6CD00C624B4 /* Preview Content */ = {
			isa = PBXGroup;
			children = (
				D640750F25CCD6CD00C624B4 /* Preview Assets.xcassets */,
			);
			path = "Preview Content";
			sourceTree = "<group>";
		};
		D640752125CCD95B00C624B4 /* Data */ = {
			isa = PBXGroup;
			children = (
				D640751825CCD94900C624B4 /* brand.json */,
				D640751B25CCD94900C624B4 /* category.json */,
				D640751925CCD94900C624B4 /* player.json */,
				D640751A25CCD94900C624B4 /* product.json */,
			);
			path = Data;
			sourceTree = "<group>";
		};
		D640752225CCD96900C624B4 /* View */ = {
			isa = PBXGroup;
			children = (
				D640752725CCDB6F00C624B4 /* Home */,
				D640752825CCDB7700C624B4 /* Detail */,
			);
			path = View;
			sourceTree = "<group>";
		};
		D640752625CCDB5000C624B4 /* App */ = {
			isa = PBXGroup;
			children = (
				D640750825CCD6CC00C624B4 /* TouchDownAppApp.swift */,
				D640750A25CCD6CC00C624B4 /* ContentView.swift */,
			);
			path = App;
			sourceTree = "<group>";
		};
		D640752725CCDB6F00C624B4 /* Home */ = {
			isa = PBXGroup;
			children = (
				D640753125CCDCAA00C624B4 /* FooterView.swift */,
				D640753525CCE45B00C624B4 /* NavigationBarView.swift */,
				D640753825CCE59E00C624B4 /* LogoView.swift */,
				D640754125CCEF4100C624B4 /* FeaturedItemView.swift */,
				D640754425CCEFDD00C624B4 /* FeaturedTabView.swift */,
			);
			path = Home;
			sourceTree = "<group>";
		};
		D640752825CCDB7700C624B4 /* Detail */ = {
			isa = PBXGroup;
			children = (
			);
			path = Detail;
			sourceTree = "<group>";
		};
		D640752925CCDB8500C624B4 /* Model */ = {
			isa = PBXGroup;
			children = (
				D640753B25CCED3A00C624B4 /* PlayerModel.swift */,
			);
			path = Model;
			sourceTree = "<group>";
		};
		D640752B25CCDBA300C624B4 /* Extension */ = {
			isa = PBXGroup;
			children = (
				D640753E25CCEDA100C624B4 /* CodableBundleExtension.swift */,
			);
			path = Extension;
			sourceTree = "<group>";
		};
		D640752C25CCDBAB00C624B4 /* Utility */ = {
			isa = PBXGroup;
			children = (
				D640752D25CCDC0300C624B4 /* Constant.swift */,
			);
			path = Utility;
			sourceTree = "<group>";
		};
/* End PBXGroup section */

/* Begin PBXNativeTarget section */
		D640750425CCD6CC00C624B4 /* TouchDownApp */ = {
			isa = PBXNativeTarget;
			buildConfigurationList = D640751425CCD6CD00C624B4 /* Build configuration list for PBXNativeTarget "TouchDownApp" */;
			buildPhases = (
				D640750125CCD6CC00C624B4 /* Sources */,
				D640750225CCD6CC00C624B4 /* Frameworks */,
				D640750325CCD6CC00C624B4 /* Resources */,
			);
			buildRules = (
			);
			dependencies = (
			);
			name = TouchDownApp;
			productName = TouchDownApp;
			productReference = D640750525CCD6CC00C624B4 /* TouchDownApp.app */;
			productType = "com.apple.product-type.application";
		};
/* End PBXNativeTarget section */

/* Begin PBXProject section */
		D64074FD25CCD6CC00C624B4 /* Project object */ = {
			isa = PBXProject;
			attributes = {
				LastSwiftUpdateCheck = 1240;
				LastUpgradeCheck = 1240;
				TargetAttributes = {
					D640750425CCD6CC00C624B4 = {
						CreatedOnToolsVersion = 12.4;
					};
				};
			};
			buildConfigurationList = D640750025CCD6CC00C624B4 /* Build configuration list for PBXProject "TouchDownApp" */;
			compatibilityVersion = "Xcode 9.3";
			developmentRegion = en;
			hasScannedForEncodings = 0;
			knownRegions = (
				en,
				Base,
			);
			mainGroup = D64074FC25CCD6CC00C624B4;
			productRefGroup = D640750625CCD6CC00C624B4 /* Products */;
			projectDirPath = "";
			projectRoot = "";
			targets = (
				D640750425CCD6CC00C624B4 /* TouchDownApp */,
			);
		};
/* End PBXProject section */

/* Begin PBXResourcesBuildPhase section */
		D640750325CCD6CC00C624B4 /* Resources */ = {
			isa = PBXResourcesBuildPhase;
			buildActionMask = 2147483647;
			files = (
				D640751D25CCD94900C624B4 /* player.json in Resources */,
				D640751025CCD6CD00C624B4 /* Preview Assets.xcassets in Resources */,
				D640750D25CCD6CD00C624B4 /* Assets.xcassets in Resources */,
				D640751F25CCD94900C624B4 /* category.json in Resources */,
				D640751C25CCD94900C624B4 /* brand.json in Resources */,
				D640751E25CCD94900C624B4 /* product.json in Resources */,
			);
			runOnlyForDeploymentPostprocessing = 0;
		};
/* End PBXResourcesBuildPhase section */

/* Begin PBXSourcesBuildPhase section */
		D640750125CCD6CC00C624B4 /* Sources */ = {
			isa = PBXSourcesBuildPhase;
			buildActionMask = 2147483647;
			files = (
				D640754525CCEFDD00C624B4 /* FeaturedTabView.swift in Sources */,
				D640753F25CCEDA100C624B4 /* CodableBundleExtension.swift in Sources */,
				D640750B25CCD6CC00C624B4 /* ContentView.swift in Sources */,
				D640753925CCE59E00C624B4 /* LogoView.swift in Sources */,
				D640753225CCDCAA00C624B4 /* FooterView.swift in Sources */,
				D640754225CCEF4100C624B4 /* FeaturedItemView.swift in Sources */,
				D640750925CCD6CC00C624B4 /* TouchDownAppApp.swift in Sources */,
				D640752E25CCDC0300C624B4 /* Constant.swift in Sources */,
				D640753625CCE45B00C624B4 /* NavigationBarView.swift in Sources */,
				D640753C25CCED3A00C624B4 /* PlayerModel.swift in Sources */,
			);
			runOnlyForDeploymentPostprocessing = 0;
		};
/* End PBXSourcesBuildPhase section */

/* Begin XCBuildConfiguration section */
		D640751225CCD6CD00C624B4 /* Debug */ = {
			isa = XCBuildConfiguration;
			buildSettings = {
				ALWAYS_SEARCH_USER_PATHS = NO;
				CLANG_ANALYZER_NONNULL = YES;
				CLANG_ANALYZER_NUMBER_OBJECT_CONVERSION = YES_AGGRESSIVE;
				CLANG_CXX_LANGUAGE_STANDARD = "gnu++14";
				CLANG_CXX_LIBRARY = "libc++";
				CLANG_ENABLE_MODULES = YES;
				CLANG_ENABLE_OBJC_ARC = YES;
				CLANG_ENABLE_OBJC_WEAK = YES;
				CLANG_WARN_BLOCK_CAPTURE_AUTORELEASING = YES;
				CLANG_WARN_BOOL_CONVERSION = YES;
				CLANG_WARN_COMMA = YES;
				CLANG_WARN_CONSTANT_CONVERSION = YES;
				CLANG_WARN_DEPRECATED_OBJC_IMPLEMENTATIONS = YES;
				CLANG_WARN_DIRECT_OBJC_ISA_USAGE = YES_ERROR;
				CLANG_WARN_DOCUMENTATION_COMMENTS = YES;
				CLANG_WARN_EMPTY_BODY = YES;
				CLANG_WARN_ENUM_CONVERSION = YES;
				CLANG_WARN_INFINITE_RECURSION = YES;
				CLANG_WARN_INT_CONVERSION = YES;
				CLANG_WARN_NON_LITERAL_NULL_CONVERSION = YES;
				CLANG_WARN_OBJC_IMPLICIT_RETAIN_SELF = YES;
				CLANG_WARN_OBJC_LITERAL_CONVERSION = YES;
				CLANG_WARN_OBJC_ROOT_CLASS = YES_ERROR;
				CLANG_WARN_QUOTED_INCLUDE_IN_FRAMEWORK_HEADER = YES;
				CLANG_WARN_RANGE_LOOP_ANALYSIS = YES;
				CLANG_WARN_STRICT_PROTOTYPES = YES;
				CLANG_WARN_SUSPICIOUS_MOVE = YES;
				CLANG_WARN_UNGUARDED_AVAILABILITY = YES_AGGRESSIVE;
				CLANG_WARN_UNREACHABLE_CODE = YES;
				CLANG_WARN__DUPLICATE_METHOD_MATCH = YES;
				COPY_PHASE_STRIP = NO;
				DEBUG_INFORMATION_FORMAT = dwarf;
				ENABLE_STRICT_OBJC_MSGSEND = YES;
				ENABLE_TESTABILITY = YES;
				GCC_C_LANGUAGE_STANDARD = gnu11;
				GCC_DYNAMIC_NO_PIC = NO;
				GCC_NO_COMMON_BLOCKS = YES;
				GCC_OPTIMIZATION_LEVEL = 0;
				GCC_PREPROCESSOR_DEFINITIONS = (
					"DEBUG=1",
					"$(inherited)",
				);
				GCC_WARN_64_TO_32_BIT_CONVERSION = YES;
				GCC_WARN_ABOUT_RETURN_TYPE = YES_ERROR;
				GCC_WARN_UNDECLARED_SELECTOR = YES;
				GCC_WARN_UNINITIALIZED_AUTOS = YES_AGGRESSIVE;
				GCC_WARN_UNUSED_FUNCTION = YES;
				GCC_WARN_UNUSED_VARIABLE = YES;
				IPHONEOS_DEPLOYMENT_TARGET = 14.4;
				MTL_ENABLE_DEBUG_INFO = INCLUDE_SOURCE;
				MTL_FAST_MATH = YES;
				ONLY_ACTIVE_ARCH = YES;
				SDKROOT = iphoneos;
				SWIFT_ACTIVE_COMPILATION_CONDITIONS = DEBUG;
				SWIFT_OPTIMIZATION_LEVEL = "-Onone";
			};
			name = Debug;
		};
		D640751325CCD6CD00C624B4 /* Release */ = {
			isa = XCBuildConfiguration;
			buildSettings = {
				ALWAYS_SEARCH_USER_PATHS = NO;
				CLANG_ANALYZER_NONNULL = YES;
				CLANG_ANALYZER_NUMBER_OBJECT_CONVERSION = YES_AGGRESSIVE;
				CLANG_CXX_LANGUAGE_STANDARD = "gnu++14";
				CLANG_CXX_LIBRARY = "libc++";
				CLANG_ENABLE_MODULES = YES;
				CLANG_ENABLE_OBJC_ARC = YES;
				CLANG_ENABLE_OBJC_WEAK = YES;
				CLANG_WARN_BLOCK_CAPTURE_AUTORELEASING = YES;
				CLANG_WARN_BOOL_CONVERSION = YES;
				CLANG_WARN_COMMA = YES;
				CLANG_WARN_CONSTANT_CONVERSION = YES;
				CLANG_WARN_DEPRECATED_OBJC_IMPLEMENTATIONS = YES;
				CLANG_WARN_DIRECT_OBJC_ISA_USAGE = YES_ERROR;
				CLANG_WARN_DOCUMENTATION_COMMENTS = YES;
				CLANG_WARN_EMPTY_BODY = YES;
				CLANG_WARN_ENUM_CONVERSION = YES;
				CLANG_WARN_INFINITE_RECURSION = YES;
				CLANG_WARN_INT_CONVERSION = YES;
				CLANG_WARN_NON_LITERAL_NULL_CONVERSION = YES;
				CLANG_WARN_OBJC_IMPLICIT_RETAIN_SELF = YES;
				CLANG_WARN_OBJC_LITERAL_CONVERSION = YES;
				CLANG_WARN_OBJC_ROOT_CLASS = YES_ERROR;
				CLANG_WARN_QUOTED_INCLUDE_IN_FRAMEWORK_HEADER = YES;
				CLANG_WARN_RANGE_LOOP_ANALYSIS = YES;
				CLANG_WARN_STRICT_PROTOTYPES = YES;
				CLANG_WARN_SUSPICIOUS_MOVE = YES;
				CLANG_WARN_UNGUARDED_AVAILABILITY = YES_AGGRESSIVE;
				CLANG_WARN_UNREACHABLE_CODE = YES;
				CLANG_WARN__DUPLICATE_METHOD_MATCH = YES;
				COPY_PHASE_STRIP = NO;
				DEBUG_INFORMATION_FORMAT = "dwarf-with-dsym";
				ENABLE_NS_ASSERTIONS = NO;
				ENABLE_STRICT_OBJC_MSGSEND = YES;
				GCC_C_LANGUAGE_STANDARD = gnu11;
				GCC_NO_COMMON_BLOCKS = YES;
				GCC_WARN_64_TO_32_BIT_CONVERSION = YES;
				GCC_WARN_ABOUT_RETURN_TYPE = YES_ERROR;
				GCC_WARN_UNDECLARED_SELECTOR = YES;
				GCC_WARN_UNINITIALIZED_AUTOS = YES_AGGRESSIVE;
				GCC_WARN_UNUSED_FUNCTION = YES;
				GCC_WARN_UNUSED_VARIABLE = YES;
				IPHONEOS_DEPLOYMENT_TARGET = 14.4;
				MTL_ENABLE_DEBUG_INFO = NO;
				MTL_FAST_MATH = YES;
				SDKROOT = iphoneos;
				SWIFT_COMPILATION_MODE = wholemodule;
				SWIFT_OPTIMIZATION_LEVEL = "-O";
				VALIDATE_PRODUCT = YES;
			};
			name = Release;
		};
		D640751525CCD6CD00C624B4 /* Debug */ = {
			isa = XCBuildConfiguration;
			buildSettings = {
				ASSETCATALOG_COMPILER_APPICON_NAME = AppIcon;
				ASSETCATALOG_COMPILER_GLOBAL_ACCENT_COLOR_NAME = AccentColor;
				CODE_SIGN_STYLE = Automatic;
				DEVELOPMENT_ASSET_PATHS = "\"TouchDownApp/Preview Content\"";
				DEVELOPMENT_TEAM = SJG2A7QTCS;
				ENABLE_PREVIEWS = YES;
				INFOPLIST_FILE = TouchDownApp/Info.plist;
				IPHONEOS_DEPLOYMENT_TARGET = 14.0;
				LD_RUNPATH_SEARCH_PATHS = (
					"$(inherited)",
					"@executable_path/Frameworks",
				);
				PRODUCT_BUNDLE_IDENTIFIER = com.cebanion.TouchDownApp;
				PRODUCT_NAME = "$(TARGET_NAME)";
				SWIFT_VERSION = 5.0;
				TARGETED_DEVICE_FAMILY = "1,2";
			};
			name = Debug;
		};
		D640751625CCD6CD00C624B4 /* Release */ = {
			isa = XCBuildConfiguration;
			buildSettings = {
				ASSETCATALOG_COMPILER_APPICON_NAME = AppIcon;
				ASSETCATALOG_COMPILER_GLOBAL_ACCENT_COLOR_NAME = AccentColor;
				CODE_SIGN_STYLE = Automatic;
				DEVELOPMENT_ASSET_PATHS = "\"TouchDownApp/Preview Content\"";
				DEVELOPMENT_TEAM = SJG2A7QTCS;
				ENABLE_PREVIEWS = YES;
				INFOPLIST_FILE = TouchDownApp/Info.plist;
				IPHONEOS_DEPLOYMENT_TARGET = 14.0;
				LD_RUNPATH_SEARCH_PATHS = (
					"$(inherited)",
					"@executable_path/Frameworks",
				);
				PRODUCT_BUNDLE_IDENTIFIER = com.cebanion.TouchDownApp;
				PRODUCT_NAME = "$(TARGET_NAME)";
				SWIFT_VERSION = 5.0;
				TARGETED_DEVICE_FAMILY = "1,2";
			};
			name = Release;
		};
/* End XCBuildConfiguration section */

/* Begin XCConfigurationList section */
		D640750025CCD6CC00C624B4 /* Build configuration list for PBXProject "TouchDownApp" */ = {
			isa = XCConfigurationList;
			buildConfigurations = (
				D640751225CCD6CD00C624B4 /* Debug */,
				D640751325CCD6CD00C624B4 /* Release */,
			);
			defaultConfigurationIsVisible = 0;
			defaultConfigurationName = Release;
		};
		D640751425CCD6CD00C624B4 /* Build configuration list for PBXNativeTarget "TouchDownApp" */ = {
			isa = XCConfigurationList;
			buildConfigurations = (
				D640751525CCD6CD00C624B4 /* Debug */,
				D640751625CCD6CD00C624B4 /* Release */,
			);
			defaultConfigurationIsVisible = 0;
			defaultConfigurationName = Release;
		};
/* End XCConfigurationList section */
	};
	rootObject = D64074FD25CCD6CC00C624B4 /* Project object */;
}
